<?xml version="1.0" encoding="utf-8"?>
<Project ToolsVersion="4.0" xmlns="http://schemas.microsoft.com/developer/msbuild/2003">
  <ItemGroup>
    <ClCompile Include="alignmenttab.cpp" />
    <ClCompile Include="annotatetab.cpp" />
    <ClCompile Include="capturetab.cpp" />
    <ClCompile Include="createnewpatientdialog.cpp" />
    <ClCompile Include="draganddropgraphicsscene.cpp" />
    <ClCompile Include="helper.cpp" />
    <ClCompile Include="kinectengine.cpp" />
    <ClCompile Include="twolinesdialog.cpp" />
    <ClCompile Include="logintab.cpp" />
    <ClCompile Include="patient.cpp" />
    <ClCompile Include="patientlisttab.cpp" />
    <ClCompile Include="patienttab.cpp" />
    <ClCompile Include="qnetworkclient.cpp" />
    <ClCompile Include="recorder.cpp" />
    <ClCompile Include="saveimagedialog.cpp" />
    <ClCompile Include="desktopapp.cpp" />
    <ClCompile Include="main.cpp" />
    <ClCompile Include="stdafx.cpp" />
    <ClCompile Include="clipgraphicsscene.cpp">
      <Filter>Source Files</Filter>
    </ClCompile>
    <ClCompile Include="clipgraphicspixmapitem.cpp">
      <Filter>Source Files</Filter>
    </ClCompile>
    <ClCompile Include="reportdialog.cpp">
      <Filter>Source Files</Filter>
    </ClCompile>
  </ItemGroup>
  <ItemGroup>
    <ClInclude Include="stdafx.h" />
    <ClInclude Include="util\networkutil.h" />
    <ClInclude Include="draganddropgraphicsscene.h" />
    <ClInclude Include="helper.h" />
    <ClInclude Include="patient.h" />
    <ClInclude Include="recorder.h" />
    <ClInclude Include="capturehistory.h">
      <Filter>Header Files</Filter>
    </ClInclude>
    <ClInclude Include="clipgraphicsscene.h">
      <Filter>Header Files</Filter>
    </ClInclude>
    <ClInclude Include="clipgraphicspixmapitem.h">
      <Filter>Header Files</Filter>
    </ClInclude>
  </ItemGroup>
  <ItemGroup>
    <QtMoc Include="desktopapp.h" />
    <QtMoc Include="capturetab.h" />
    <QtMoc Include="annotatetab.h" />
    <QtMoc Include="kinectengine.h" />
    <QtMoc Include="logintab.h" />
    <QtMoc Include="patientlisttab.h" />
    <QtMoc Include="createnewpatientdialog.h" />
    <QtMoc Include="patienttab.h" />
    <QtMoc Include="qnetworkclient.h" />
    <QtMoc Include="twolinesdialog.h" />
    <QtMoc Include="saveimagedialog.h" />
    <QtMoc Include="alignmenttab.h" />
    <QtMoc Include="noteditabledelegate.h">
      <Filter>Header Files</Filter>
    </QtMoc>
    <QtMoc Include="reportdialog.h">
      <Filter>Header Files</Filter>
    </QtMoc>
  </ItemGroup>
  <ItemGroup>
    <QtRcc Include="desktopapp.qrc" />
  </ItemGroup>
  <ItemGroup>
    <QtUic Include="createnewpatientdialog.ui" />
    <QtUic Include="desktopapp.ui" />
    <QtUic Include="twolinesdialog.ui" />
    <QtUic Include="saveimagedialog.ui" />
    <QtUic Include="reportdialog.ui">
      <Filter>Form Files</Filter>
    </QtUic>
  </ItemGroup>
  <ItemGroup>
    <None Include="packages.config" />
  </ItemGroup>
  <ItemGroup>
    <Filter Include="Header Files">
      <UniqueIdentifier>{93995380-89BD-4b04-88EB-625FBE52EBFB}</UniqueIdentifier>
      <Extensions>h;hh;hpp;hxx;hm;inl;inc;xsd</Extensions>
      <ParseFiles>true</ParseFiles>
    </Filter>
    <Filter Include="Source Files">
      <UniqueIdentifier>{4FC737F1-C7A5-4376-A066-2A32D752A2FF}</UniqueIdentifier>
      <Extensions>cpp;c;cc;cxx;def;odl;idl;hpj;bat;asm;asmx</Extensions>
      <ParseFiles>true</ParseFiles>
    </Filter>
    <Filter Include="Form Files">
      <UniqueIdentifier>{99349809-55BA-4b9d-BF79-8FDBB0286EB3}</UniqueIdentifier>
      <Extensions>ui</Extensions>
      <ParseFiles>true</ParseFiles>
    </Filter>
  </ItemGroup>
</Project>