<?xml version="1.0" encoding="utf-8"?>
<Project ToolsVersion="4.0" xmlns="http://schemas.microsoft.com/developer/msbuild/2003">
  <ItemGroup>
    <ClCompile Include="clipgraphicsscene.cpp">
      <Filter>Source Files</Filter>
    </ClCompile>
    <ClCompile Include="clipgraphicspixmapitem.cpp">
      <Filter>Source Files</Filter>
    </ClCompile>
    <ClCompile Include="reportdialog.cpp">
      <Filter>Source Files</Filter>
    </ClCompile>
    <ClCompile Include="alignmenttab.cpp">
      <Filter>Source Files</Filter>
    </ClCompile>
    <ClCompile Include="annotatetab.cpp">
      <Filter>Source Files</Filter>
    </ClCompile>
    <ClCompile Include="capturetab.cpp">
      <Filter>Source Files</Filter>
    </ClCompile>
    <ClCompile Include="createnewpatientdialog.cpp">
      <Filter>Source Files</Filter>
    </ClCompile>
    <ClCompile Include="desktopapp.cpp">
      <Filter>Source Files</Filter>
    </ClCompile>
    <ClCompile Include="draganddropgraphicsscene.cpp">
      <Filter>Source Files</Filter>
    </ClCompile>
    <ClCompile Include="helper.cpp">
      <Filter>Source Files</Filter>
    </ClCompile>
    <ClCompile Include="kinectengine.cpp">
      <Filter>Source Files</Filter>
    </ClCompile>
    <ClCompile Include="logintab.cpp">
      <Filter>Source Files</Filter>
    </ClCompile>
    <ClCompile Include="main.cpp">
      <Filter>Source Files</Filter>
    </ClCompile>
    <ClCompile Include="patient.cpp">
      <Filter>Source Files</Filter>
    </ClCompile>
    <ClCompile Include="patientlisttab.cpp">
      <Filter>Source Files</Filter>
    </ClCompile>
    <ClCompile Include="patienttab.cpp">
      <Filter>Source Files</Filter>
    </ClCompile>
    <ClCompile Include="qnetworkclient.cpp">
      <Filter>Source Files</Filter>
    </ClCompile>
    <ClCompile Include="recorder.cpp">
      <Filter>Source Files</Filter>
    </ClCompile>
    <ClCompile Include="saveimagedialog.cpp">
      <Filter>Source Files</Filter>
    </ClCompile>
    <ClCompile Include="stdafx.cpp">
      <Filter>Source Files</Filter>
    </ClCompile>
    <ClCompile Include="twolinesdialog.cpp">
      <Filter>Source Files</Filter>
    </ClCompile>
    <ClCompile Include="scribblearea.cpp">
      <Filter>Source Files</Filter>
    </ClCompile>
  </ItemGroup>
  <ItemGroup>
    <ClInclude Include="capturehistory.h">
      <Filter>Header Files</Filter>
    </ClInclude>
    <ClInclude Include="clipgraphicsscene.h">
      <Filter>Header Files</Filter>
    </ClInclude>
    <ClInclude Include="clipgraphicspixmapitem.h">
      <Filter>Header Files</Filter>
    </ClInclude>
    <ClInclude Include="helper.h">
      <Filter>Header Files</Filter>
    </ClInclude>
    <ClInclude Include="util\networkutil.h">
      <Filter>Header Files</Filter>
    </ClInclude>
    <ClInclude Include="draganddropgraphicsscene.h">
      <Filter>Header Files</Filter>
    </ClInclude>
    <ClInclude Include="patient.h">
      <Filter>Header Files</Filter>
    </ClInclude>
    <ClInclude Include="recorder.h">
      <Filter>Header Files</Filter>
    </ClInclude>
    <ClInclude Include="stdafx.h">
      <Filter>Header Files</Filter>
    </ClInclude>
  </ItemGroup>
  <ItemGroup>
    <QtMoc Include="noteditabledelegate.h">
      <Filter>Header Files</Filter>
    </QtMoc>
    <QtMoc Include="reportdialog.h">
      <Filter>Header Files</Filter>
    </QtMoc>
    <QtMoc Include="alignmenttab.h">
      <Filter>Header Files</Filter>
    </QtMoc>
    <QtMoc Include="annotatetab.h">
      <Filter>Header Files</Filter>
    </QtMoc>
    <QtMoc Include="capturetab.h">
      <Filter>Header Files</Filter>
    </QtMoc>
    <QtMoc Include="kinectengine.h">
      <Filter>Header Files</Filter>
    </QtMoc>
    <QtMoc Include="logintab.h">
      <Filter>Header Files</Filter>
    </QtMoc>
    <QtMoc Include="createnewpatientdialog.h">
      <Filter>Header Files</Filter>
    </QtMoc>
    <QtMoc Include="desktopapp.h">
      <Filter>Header Files</Filter>
    </QtMoc>
    <QtMoc Include="patientlisttab.h">
      <Filter>Header Files</Filter>
    </QtMoc>
    <QtMoc Include="patienttab.h">
      <Filter>Header Files</Filter>
    </QtMoc>
    <QtMoc Include="qnetworkclient.h">
      <Filter>Header Files</Filter>
    </QtMoc>
    <QtMoc Include="saveimagedialog.h">
      <Filter>Header Files</Filter>
    </QtMoc>
    <QtMoc Include="twolinesdialog.h">
      <Filter>Header Files</Filter>
    </QtMoc>
    <QtMoc Include="scribblearea.h">
      <Filter>Header Files</Filter>
    </QtMoc>
  </ItemGroup>
  <ItemGroup>
    <QtRcc Include="desktopapp.qrc" />
  </ItemGroup>
  <ItemGroup>
    <QtUic Include="reportdialog.ui">
      <Filter>Form Files</Filter>
    </QtUic>
    <QtUic Include="createnewpatientdialog.ui">
      <Filter>Form Files</Filter>
    </QtUic>
    <QtUic Include="desktopapp.ui">
      <Filter>Form Files</Filter>
    </QtUic>
    <QtUic Include="twolinesdialog.ui">
      <Filter>Form Files</Filter>
    </QtUic>
    <QtUic Include="saveimagedialog.ui">
      <Filter>Form Files</Filter>
    </QtUic>
  </ItemGroup>
  <ItemGroup>
    <None Include="packages.config" />
  </ItemGroup>
  <ItemGroup>
    <Filter Include="Header Files">
      <UniqueIdentifier>{93995380-89BD-4b04-88EB-625FBE52EBFB}</UniqueIdentifier>
      <Extensions>h;hh;hpp;hxx;hm;inl;inc;xsd</Extensions>
      <ParseFiles>true</ParseFiles>
    </Filter>
    <Filter Include="Source Files">
      <UniqueIdentifier>{4FC737F1-C7A5-4376-A066-2A32D752A2FF}</UniqueIdentifier>
      <Extensions>cpp;c;cc;cxx;def;odl;idl;hpj;bat;asm;asmx</Extensions>
      <ParseFiles>true</ParseFiles>
    </Filter>
    <Filter Include="Form Files">
      <UniqueIdentifier>{99349809-55BA-4b9d-BF79-8FDBB0286EB3}</UniqueIdentifier>
      <Extensions>ui</Extensions>
      <ParseFiles>true</ParseFiles>
    </Filter>
  </ItemGroup>
</Project>